
Microsoft Visual Studio Solution File, Format Version 12.00
# Visual Studio Version 17
VisualStudioVersion = 17.1.32210.238
MinimumVisualStudioVersion = 10.0.40219.1
Project("{FAE04EC0-301F-11D3-BF4B-00C04F79EFBC}") = "LinkList", "LinkList\LinkList.csproj", "{8107E612-4A9E-4C99-A401-F5D579DA26A7}"
EndProject
Global
	GlobalSection(SolutionConfigurationPlatforms) = preSolution
		Debug|Any CPU = Debug|Any CPU
		Release|Any CPU = Release|Any CPU
	EndGlobalSection
	GlobalSection(ProjectConfigurationPlatforms) = postSolution
		{8107E612-4A9E-4C99-A401-F5D579DA26A7}.Debug|Any CPU.ActiveCfg = Debug|Any CPU
		{8107E612-4A9E-4C99-A401-F5D579DA26A7}.Debug|Any CPU.Build.0 = Debug|Any CPU
		{8107E612-4A9E-4C99-A401-F5D579DA26A7}.Release|Any CPU.ActiveCfg = Release|Any CPU
		{8107E612-4A9E-4C99-A401-F5D579DA26A7}.Release|Any CPU.Build.0 = Release|Any CPU
	EndGlobalSection
	GlobalSection(SolutionProperties) = preSolution
		HideSolutionNode = FALSE
	EndGlobalSection
	GlobalSection(ExtensibilityGlobals) = postSolution
		SolutionGuid = {954FF2A5-ED95-4E80-B16F-F0633EA2B402}
	EndGlobalSection
EndGlobal
